<?xml version="1.0" encoding="utf-8"?>
<Project ToolsVersion="4.0" xmlns="http://schemas.microsoft.com/developer/msbuild/2003">
  <ItemGroup>
    <Filter Include="Source Files">
      <UniqueIdentifier>{4FC737F1-C7A5-4376-A066-2A32D752A2FF}</UniqueIdentifier>
      <Extensions>cpp;c;cc;cxx;def;odl;idl;hpj;bat;asm;asmx</Extensions>
    </Filter>
    <Filter Include="Header Files">
      <UniqueIdentifier>{93995380-89BD-4b04-88EB-625FBE52EBFB}</UniqueIdentifier>
      <Extensions>h;hpp;hxx;hm;inl;inc;xsd</Extensions>
    </Filter>
    <Filter Include="Resource Files">
      <UniqueIdentifier>{67DA6AB6-F800-4c08-8B7A-83BB121AAD01}</UniqueIdentifier>
      <Extensions>rc;ico;cur;bmp;dlg;rc2;rct;bin;rgs;gif;jpg;jpeg;jpe;resx;tiff;tif;png;wav;mfcribbon-ms</Extensions>
    </Filter>
  </ItemGroup>
  <ItemGroup>
    <ClInclude Include="..\Globals\tspl-porject\include\advmath.h">
      <Filter>Header Files</Filter>
    </ClInclude>
    <ClInclude Include="..\Globals\tspl-porject\include\advmath-impl.h">
      <Filter>Header Files</Filter>
    </ClInclude>
    <ClInclude Include="..\Globals\tspl-porject\include\avltree.h">
      <Filter>Header Files</Filter>
    </ClInclude>
    <ClInclude Include="..\Globals\tspl-porject\include\avltree-impl.h">
      <Filter>Header Files</Filter>
    </ClInclude>
    <ClInclude Include="..\Globals\tspl-porject\include\bfgs.h">
      <Filter>Header Files</Filter>
    </ClInclude>
    <ClInclude Include="..\Globals\tspl-porject\include\bfgs-impl.h">
      <Filter>Header Files</Filter>
    </ClInclude>
    <ClInclude Include="..\Globals\tspl-porject\include\binaryheap.h">
      <Filter>Header Files</Filter>
    </ClInclude>
    <ClInclude Include="..\Globals\tspl-porject\include\binaryheap-impl.h">
      <Filter>Header Files</Filter>
    </ClInclude>
    <ClInclude Include="..\Globals\tspl-porject\include\bstree.h">
      <Filter>Header Files</Filter>
    </ClInclude>
    <ClInclude Include="..\Globals\tspl-porject\include\bstree-impl.h">
      <Filter>Header Files</Filter>
    </ClInclude>
    <ClInclude Include="..\Globals\tspl-porject\include\bwt.h">
      <Filter>Header Files</Filter>
    </ClInclude>
    <ClInclude Include="..\Globals\tspl-porject\include\bwt-impl.h">
      <Filter>Header Files</Filter>
    </ClInclude>
    <ClInclude Include="..\Globals\tspl-porject\include\ccholesky.h">
      <Filter>Header Files</Filter>
    </ClInclude>
    <ClInclude Include="..\Globals\tspl-porject\include\ccholesky-impl.h">
      <Filter>Header Files</Filter>
    </ClInclude>
    <ClInclude Include="..\Globals\tspl-porject\include\cevd.h">
      <Filter>Header Files</Filter>
    </ClInclude>
    <ClInclude Include="..\Globals\tspl-porject\include\cevd-impl.h">
      <Filter>Header Files</Filter>
    </ClInclude>
    <ClInclude Include="..\Globals\tspl-porject\include\cholesky.h">
      <Filter>Header Files</Filter>
    </ClInclude>
    <ClInclude Include="..\Globals\tspl-porject\include\cholesky-impl.h">
      <Filter>Header Files</Filter>
    </ClInclude>
    <ClInclude Include="..\Globals\tspl-porject\include\classicalpse.h">
      <Filter>Header Files</Filter>
    </ClInclude>
    <ClInclude Include="..\Globals\tspl-porject\include\classicalpse-impl.h">
      <Filter>Header Files</Filter>
    </ClInclude>
    <ClInclude Include="..\Globals\tspl-porject\include\conjgrad.h">
      <Filter>Header Files</Filter>
    </ClInclude>
    <ClInclude Include="..\Globals\tspl-porject\include\conjgrad-impl.h">
      <Filter>Header Files</Filter>
    </ClInclude>
    <ClInclude Include="..\Globals\tspl-porject\include\constants.h">
      <Filter>Header Files</Filter>
    </ClInclude>
    <ClInclude Include="..\Globals\tspl-porject\include\convolution.h">
      <Filter>Header Files</Filter>
    </ClInclude>
    <ClInclude Include="..\Globals\tspl-porject\include\convolution_usefftw.h">
      <Filter>Header Files</Filter>
    </ClInclude>
    <ClInclude Include="..\Globals\tspl-porject\include\convolution_usefftw-impl.h">
      <Filter>Header Files</Filter>
    </ClInclude>
    <ClInclude Include="..\Globals\tspl-porject\include\convolution-impl.h">
      <Filter>Header Files</Filter>
    </ClInclude>
    <ClInclude Include="..\Globals\tspl-porject\include\correlation.h">
      <Filter>Header Files</Filter>
    </ClInclude>
    <ClInclude Include="..\Globals\tspl-porject\include\correlation_usefftw.h">
      <Filter>Header Files</Filter>
    </ClInclude>
    <ClInclude Include="..\Globals\tspl-porject\include\correlation_usefftw-impl.h">
      <Filter>Header Files</Filter>
    </ClInclude>
    <ClInclude Include="..\Globals\tspl-porject\include\correlation-impl.h">
      <Filter>Header Files</Filter>
    </ClInclude>
    <ClInclude Include="..\Globals\tspl-porject\include\cqrd.h">
      <Filter>Header Files</Filter>
    </ClInclude>
    <ClInclude Include="..\Globals\tspl-porject\include\cqrd-impl.h">
      <Filter>Header Files</Filter>
    </ClInclude>
    <ClInclude Include="..\Globals\tspl-porject\include\csvd.h">
      <Filter>Header Files</Filter>
    </ClInclude>
    <ClInclude Include="..\Globals\tspl-porject\include\csvd-impl.h">
      <Filter>Header Files</Filter>
    </ClInclude>
    <ClInclude Include="..\Globals\tspl-porject\include\cwt.h">
      <Filter>Header Files</Filter>
    </ClInclude>
    <ClInclude Include="..\Globals\tspl-porject\include\cwt_usefftw.h">
      <Filter>Header Files</Filter>
    </ClInclude>
    <ClInclude Include="..\Globals\tspl-porject\include\cwt_usefftw-impl.h">
      <Filter>Header Files</Filter>
    </ClInclude>
    <ClInclude Include="..\Globals\tspl-porject\include\cwt-impl.h">
      <Filter>Header Files</Filter>
    </ClInclude>
    <ClInclude Include="..\Globals\tspl-porject\include\dfd.h">
      <Filter>Header Files</Filter>
    </ClInclude>
    <ClInclude Include="..\Globals\tspl-porject\include\dfd-impl.h">
      <Filter>Header Files</Filter>
    </ClInclude>
    <ClInclude Include="..\Globals\tspl-porject\include\dgt.h">
      <Filter>Header Files</Filter>
    </ClInclude>
    <ClInclude Include="..\Globals\tspl-porject\include\dgt_usefftw.h">
      <Filter>Header Files</Filter>
    </ClInclude>
    <ClInclude Include="..\Globals\tspl-porject\include\dgt_usefftw-impl.h">
      <Filter>Header Files</Filter>
    </ClInclude>
    <ClInclude Include="..\Globals\tspl-porject\include\dgt-impl.h">
      <Filter>Header Files</Filter>
    </ClInclude>
    <ClInclude Include="..\Globals\tspl-porject\include\dwt.h">
      <Filter>Header Files</Filter>
    </ClInclude>
    <ClInclude Include="..\Globals\tspl-porject\include\dwt-impl.h">
      <Filter>Header Files</Filter>
    </ClInclude>
    <ClInclude Include="..\Globals\tspl-porject\include\eigenanalysispse.h">
      <Filter>Header Files</Filter>
    </ClInclude>
    <ClInclude Include="..\Globals\tspl-porject\include\eigenanalysispse-impl.h">
      <Filter>Header Files</Filter>
    </ClInclude>
    <ClInclude Include="..\Globals\tspl-porject\include\evd.h">
      <Filter>Header Files</Filter>
    </ClInclude>
    <ClInclude Include="..\Globals\tspl-porject\include\evd-impl.h">
      <Filter>Header Files</Filter>
    </ClInclude>
    <ClInclude Include="..\Globals\tspl-porject\include\fft.h">
      <Filter>Header Files</Filter>
    </ClInclude>
    <ClInclude Include="..\Globals\tspl-porject\include\fft-impl.h">
      <Filter>Header Files</Filter>
    </ClInclude>
    <ClInclude Include="..\Globals\tspl-porject\include\fftmr.h">
      <Filter>Header Files</Filter>
    </ClInclude>
    <ClInclude Include="..\Globals\tspl-porject\include\fftmr-impl.h">
      <Filter>Header Files</Filter>
    </ClInclude>
    <ClInclude Include="..\Globals\tspl-porject\include\fftpf.h">
      <Filter>Header Files</Filter>
    </ClInclude>
    <ClInclude Include="..\Globals\tspl-porject\include\fftpf-impl.h">
      <Filter>Header Files</Filter>
    </ClInclude>
    <ClInclude Include="..\Globals\tspl-porject\include\fftw.h">
      <Filter>Header Files</Filter>
    </ClInclude>
    <ClInclude Include="..\Globals\tspl-porject\include\fftw3.h">
      <Filter>Header Files</Filter>
    </ClInclude>
    <ClInclude Include="..\Globals\tspl-porject\include\fftw-impl.h">
      <Filter>Header Files</Filter>
    </ClInclude>
    <ClInclude Include="..\Globals\tspl-porject\include\filtercoefs.h">
      <Filter>Header Files</Filter>
    </ClInclude>
    <ClInclude Include="..\Globals\tspl-porject\include\filtercoefs-impl.h">
      <Filter>Header Files</Filter>
    </ClInclude>
    <ClInclude Include="..\Globals\tspl-porject\include\fir.h">
      <Filter>Header Files</Filter>
    </ClInclude>
    <ClInclude Include="..\Globals\tspl-porject\include\fir-impl.h">
      <Filter>Header Files</Filter>
    </ClInclude>
    <ClInclude Include="..\Globals\tspl-porject\include\fitcurves.h">
      <Filter>Header Files</Filter>
    </ClInclude>
    <ClInclude Include="..\Globals\tspl-porject\include\hashtable.h">
      <Filter>Header Files</Filter>
    </ClInclude>
    <ClInclude Include="..\Globals\tspl-porject\include\hashtable-impl.h">
      <Filter>Header Files</Filter>
    </ClInclude>
    <ClInclude Include="..\Globals\tspl-porject\include\huffmancode.h">
      <Filter>Header Files</Filter>
    </ClInclude>
    <ClInclude Include="..\Globals\tspl-porject\include\huffmancode-impl.h">
      <Filter>Header Files</Filter>
    </ClInclude>
    <ClInclude Include="..\Globals\tspl-porject\include\iir.h">
      <Filter>Header Files</Filter>
    </ClInclude>
    <ClInclude Include="..\Globals\tspl-porject\include\iir-impl.h">
      <Filter>Header Files</Filter>
    </ClInclude>
    <ClInclude Include="..\Globals\tspl-porject\include\integral.h">
      <Filter>Header Files</Filter>
    </ClInclude>
    <ClInclude Include="..\Globals\tspl-porject\include\integral-impl.h">
      <Filter>Header Files</Filter>
    </ClInclude>
    <ClInclude Include="..\Globals\tspl-porject\include\integrand.h">
      <Filter>Header Files</Filter>
    </ClInclude>
    <ClInclude Include="..\Globals\tspl-porject\include\interpolation.h">
      <Filter>Header Files</Filter>
    </ClInclude>
    <ClInclude Include="..\Globals\tspl-porject\include\inverse.h">
      <Filter>Header Files</Filter>
    </ClInclude>
    <ClInclude Include="..\Globals\tspl-porject\include\inverse-impl.h">
      <Filter>Header Files</Filter>
    </ClInclude>
    <ClInclude Include="..\Globals\tspl-porject\include\kalman.h">
      <Filter>Header Files</Filter>
    </ClInclude>
    <ClInclude Include="..\Globals\tspl-porject\include\kalman-impl.h">
      <Filter>Header Files</Filter>
    </ClInclude>
    <ClInclude Include="..\Globals\tspl-porject\include\levinson.h">
      <Filter>Header Files</Filter>
    </ClInclude>
    <ClInclude Include="..\Globals\tspl-porject\include\levinson-impl.h">
      <Filter>Header Files</Filter>
    </ClInclude>
    <ClInclude Include="..\Globals\tspl-porject\include\linequs1.h">
      <Filter>Header Files</Filter>
    </ClInclude>
    <ClInclude Include="..\Globals\tspl-porject\include\linequs1-impl.h">
      <Filter>Header Files</Filter>
    </ClInclude>
    <ClInclude Include="..\Globals\tspl-porject\include\linequs2.h">
      <Filter>Header Files</Filter>
    </ClInclude>
    <ClInclude Include="..\Globals\tspl-porject\include\linequs2-impl.h">
      <Filter>Header Files</Filter>
    </ClInclude>
    <ClInclude Include="..\Globals\tspl-porject\include\linequs3.h">
      <Filter>Header Files</Filter>
    </ClInclude>
    <ClInclude Include="..\Globals\tspl-porject\include\linequs3-impl.h">
      <Filter>Header Files</Filter>
    </ClInclude>
    <ClInclude Include="..\Globals\tspl-porject\include\linesearch.h">
      <Filter>Header Files</Filter>
    </ClInclude>
    <ClInclude Include="..\Globals\tspl-porject\include\linesearch-impl.h">
      <Filter>Header Files</Filter>
    </ClInclude>
    <ClInclude Include="..\Globals\tspl-porject\include\lms.h">
      <Filter>Header Files</Filter>
    </ClInclude>
    <ClInclude Include="..\Globals\tspl-porject\include\lms-impl.h">
      <Filter>Header Files</Filter>
    </ClInclude>
    <ClInclude Include="..\Globals\tspl-porject\include\lsfitting.h">
      <Filter>Header Files</Filter>
    </ClInclude>
    <ClInclude Include="..\Globals\tspl-porject\include\lsfitting-impl.h">
      <Filter>Header Files</Filter>
    </ClInclude>
    <ClInclude Include="..\Globals\tspl-porject\include\lud.h">
      <Filter>Header Files</Filter>
    </ClInclude>
    <ClInclude Include="..\Globals\tspl-porject\include\lud-impl.h">
      <Filter>Header Files</Filter>
    </ClInclude>
    <ClInclude Include="..\Globals\tspl-porject\include\matrix.h">
      <Filter>Header Files</Filter>
    </ClInclude>
    <ClInclude Include="..\Globals\tspl-porject\include\matrixallocate.h">
      <Filter>Header Files</Filter>
    </ClInclude>
    <ClInclude Include="..\Globals\tspl-porject\include\matrixallocate-impl.h">
      <Filter>Header Files</Filter>
    </ClInclude>
    <ClInclude Include="..\Globals\tspl-porject\include\matrix-impl.h">
      <Filter>Header Files</Filter>
    </ClInclude>
    <ClInclude Include="..\Globals\tspl-porject\include\matrixmath.h">
      <Filter>Header Files</Filter>
    </ClInclude>
    <ClInclude Include="..\Globals\tspl-porject\include\matrixmath-impl.h">
      <Filter>Header Files</Filter>
    </ClInclude>
    <ClInclude Include="..\Globals\tspl-porject\include\newtoninterp.h">
      <Filter>Header Files</Filter>
    </ClInclude>
    <ClInclude Include="..\Globals\tspl-porject\include\newtoninterp-impl.h">
      <Filter>Header Files</Filter>
    </ClInclude>
    <ClInclude Include="..\Globals\tspl-porject\include\nleroot.h">
      <Filter>Header Files</Filter>
    </ClInclude>
    <ClInclude Include="..\Globals\tspl-porject\include\nleroot-impl.h">
      <Filter>Header Files</Filter>
    </ClInclude>
    <ClInclude Include="..\Globals\tspl-porject\include\nleroots.h">
      <Filter>Header Files</Filter>
    </ClInclude>
    <ClInclude Include="..\Globals\tspl-porject\include\nleroots-impl.h">
      <Filter>Header Files</Filter>
    </ClInclude>
    <ClInclude Include="..\Globals\tspl-porject\include\nlfunc.h">
      <Filter>Header Files</Filter>
    </ClInclude>
    <ClInclude Include="..\Globals\tspl-porject\include\nlfuncs.h">
      <Filter>Header Files</Filter>
    </ClInclude>
    <ClInclude Include="..\Globals\tspl-porject\include\objfunc.h">
      <Filter>Header Files</Filter>
    </ClInclude>
    <ClInclude Include="..\Globals\tspl-porject\include\parametricpse.h">
      <Filter>Header Files</Filter>
    </ClInclude>
    <ClInclude Include="..\Globals\tspl-porject\include\parametricpse-impl.h">
      <Filter>Header Files</Filter>
    </ClInclude>
    <ClInclude Include="..\Globals\tspl-porject\include\pseudoinverse.h">
      <Filter>Header Files</Filter>
    </ClInclude>
    <ClInclude Include="..\Globals\tspl-porject\include\pseudoinverse-impl.h">
      <Filter>Header Files</Filter>
    </ClInclude>
    <ClInclude Include="..\Globals\tspl-porject\include\qrd.h">
      <Filter>Header Files</Filter>
    </ClInclude>
    <ClInclude Include="..\Globals\tspl-porject\include\qrd-impl.h">
      <Filter>Header Files</Filter>
    </ClInclude>
    <ClInclude Include="..\Globals\tspl-porject\include\queue.h">
      <Filter>Header Files</Filter>
    </ClInclude>
    <ClInclude Include="..\Globals\tspl-porject\include\queue-impl.h">
      <Filter>Header Files</Filter>
    </ClInclude>
    <ClInclude Include="..\Globals\tspl-porject\include\random.h">
      <Filter>Header Files</Filter>
    </ClInclude>
    <ClInclude Include="..\Globals\tspl-porject\include\random-impl.h">
      <Filter>Header Files</Filter>
    </ClInclude>
    <ClInclude Include="..\Globals\tspl-porject\include\rls.h">
      <Filter>Header Files</Filter>
    </ClInclude>
    <ClInclude Include="..\Globals\tspl-porject\include\rls-impl.h">
      <Filter>Header Files</Filter>
    </ClInclude>
    <ClInclude Include="..\Globals\tspl-porject\include\sort.h">
      <Filter>Header Files</Filter>
    </ClInclude>
    <ClInclude Include="..\Globals\tspl-porject\include\sort-impl.h">
      <Filter>Header Files</Filter>
    </ClInclude>
    <ClInclude Include="..\Globals\tspl-porject\include\spline3interp.h">
      <Filter>Header Files</Filter>
    </ClInclude>
    <ClInclude Include="..\Globals\tspl-porject\include\spline3interp-impl.h">
      <Filter>Header Files</Filter>
    </ClInclude>
    <ClInclude Include="..\Globals\tspl-porject\include\stack.h">
      <Filter>Header Files</Filter>
    </ClInclude>
    <ClInclude Include="..\Globals\tspl-porject\include\stack-impl.h">
      <Filter>Header Files</Filter>
    </ClInclude>
    <ClInclude Include="..\Globals\tspl-porject\include\statistics.h">
      <Filter>Header Files</Filter>
    </ClInclude>
    <ClInclude Include="..\Globals\tspl-porject\include\statistics-impl.h">
      <Filter>Header Files</Filter>
    </ClInclude>
    <ClInclude Include="..\Globals\tspl-porject\include\steepdesc.h">
      <Filter>Header Files</Filter>
    </ClInclude>
    <ClInclude Include="..\Globals\tspl-porject\include\steepdesc-impl.h">
      <Filter>Header Files</Filter>
    </ClInclude>
    <ClInclude Include="..\Globals\tspl-porject\include\student.h">
      <Filter>Header Files</Filter>
    </ClInclude>
    <ClInclude Include="..\Globals\tspl-porject\include\svd.h">
      <Filter>Header Files</Filter>
    </ClInclude>
    <ClInclude Include="..\Globals\tspl-porject\include\svd-impl.h">
      <Filter>Header Files</Filter>
    </ClInclude>
    <ClInclude Include="..\Globals\tspl-porject\include\timing.h">
      <Filter>Header Files</Filter>
    </ClInclude>
    <ClInclude Include="..\Globals\tspl-porject\include\timing-impl.h">
      <Filter>Header Files</Filter>
    </ClInclude>
    <ClInclude Include="..\Globals\tspl-porject\include\toeplitz.h">
      <Filter>Header Files</Filter>
    </ClInclude>
    <ClInclude Include="..\Globals\tspl-porject\include\toeplitz-impl.h">
      <Filter>Header Files</Filter>
    </ClInclude>
    <ClInclude Include="..\Globals\tspl-porject\include\usingdeclare.h">
      <Filter>Header Files</Filter>
    </ClInclude>
    <ClInclude Include="..\Globals\tspl-porject\include\utilities.h">
      <Filter>Header Files</Filter>
    </ClInclude>
    <ClInclude Include="..\Globals\tspl-porject\include\utilities-impl.h">
      <Filter>Header Files</Filter>
    </ClInclude>
    <ClInclude Include="..\Globals\tspl-porject\include\vector.h">
      <Filter>Header Files</Filter>
    </ClInclude>
    <ClInclude Include="..\Globals\tspl-porject\include\vector-impl.h">
      <Filter>Header Files</Filter>
    </ClInclude>
    <ClInclude Include="..\Globals\tspl-porject\include\vectormath.h">
      <Filter>Header Files</Filter>
    </ClInclude>
    <ClInclude Include="..\Globals\tspl-porject\include\vectormath-impl.h">
      <Filter>Header Files</Filter>
    </ClInclude>
    <ClInclude Include="..\Globals\tspl-porject\include\wft.h">
      <Filter>Header Files</Filter>
    </ClInclude>
    <ClInclude Include="..\Globals\tspl-porject\include\wft_usefftw.h">
      <Filter>Header Files</Filter>
    </ClInclude>
    <ClInclude Include="..\Globals\tspl-porject\include\wft_usefftw-impl.h">
      <Filter>Header Files</Filter>
    </ClInclude>
    <ClInclude Include="..\Globals\tspl-porject\include\wft-impl.h">
      <Filter>Header Files</Filter>
    </ClInclude>
    <ClInclude Include="..\Globals\tspl-porject\include\wiener.h">
      <Filter>Header Files</Filter>
    </ClInclude>
    <ClInclude Include="..\Globals\tspl-porject\include\wiener-impl.h">
      <Filter>Header Files</Filter>
    </ClInclude>
    <ClInclude Include="..\Globals\tspl-porject\include\window.h">
      <Filter>Header Files</Filter>
    </ClInclude>
    <ClInclude Include="..\Globals\tspl-porject\include\window-impl.h">
      <Filter>Header Files</Filter>
    </ClInclude>
    <ClInclude Include="..\Globals\tspl-porject\include\wvd.h">
      <Filter>Header Files</Filter>
    </ClInclude>
    <ClInclude Include="..\Globals\tspl-porject\include\wvd-impl.h">
      <Filter>Header Files</Filter>
    </ClInclude>
    <ClInclude Include="..\Globals\includes\global.h">
      <Filter>Header Files</Filter>
    </ClInclude>
    <ClInclude Include="..\Globals\classes\generalFunctions.h">
      <Filter>Header Files</Filter>
    </ClInclude>
    <ClInclude Include="..\Globals\classes\generalFunctions-impl.h">
      <Filter>Header Files</Filter>
    </ClInclude>
  </ItemGroup>
</Project>